// !$*UTF8*$!
{
	archiveVersion = 1;
	classes = {
	};
	objectVersion = 50;
	objects = {

/* Begin PBXBuildFile section */
		242BF6432599559C0086BEBB /* Utilities.swift in Sources */ = {isa = PBXBuildFile; fileRef = 242BF6422599559C0086BEBB /* Utilities.swift */; };
		245565C02597EC3300D4E0D2 /* AppDelegate.swift in Sources */ = {isa = PBXBuildFile; fileRef = 245565BF2597EC3300D4E0D2 /* AppDelegate.swift */; };
		245565C22597EC3300D4E0D2 /* SceneDelegate.swift in Sources */ = {isa = PBXBuildFile; fileRef = 245565C12597EC3300D4E0D2 /* SceneDelegate.swift */; };
		245565C42597EC3300D4E0D2 /* ViewController.swift in Sources */ = {isa = PBXBuildFile; fileRef = 245565C32597EC3300D4E0D2 /* ViewController.swift */; };
		245565C72597EC3300D4E0D2 /* Main.storyboard in Resources */ = {isa = PBXBuildFile; fileRef = 245565C52597EC3300D4E0D2 /* Main.storyboard */; };
		245565C92597EC3400D4E0D2 /* Assets.xcassets in Resources */ = {isa = PBXBuildFile; fileRef = 245565C82597EC3400D4E0D2 /* Assets.xcassets */; };
		245565CC2597EC3400D4E0D2 /* LaunchScreen.storyboard in Resources */ = {isa = PBXBuildFile; fileRef = 245565CA2597EC3400D4E0D2 /* LaunchScreen.storyboard */; };
		245565D72597F13400D4E0D2 /* Canvas.sks in Resources */ = {isa = PBXBuildFile; fileRef = 245565D62597F13400D4E0D2 /* Canvas.sks */; };
		245565DA2597FA1200D4E0D2 /* Canvas.swift in Sources */ = {isa = PBXBuildFile; fileRef = 245565D92597FA1200D4E0D2 /* Canvas.swift */; };
/* End PBXBuildFile section */

/* Begin PBXFileReference section */
		242BF6422599559C0086BEBB /* Utilities.swift */ = {isa = PBXFileReference; lastKnownFileType = sourcecode.swift; path = Utilities.swift; sourceTree = "<group>"; };
		245565BC2597EC3300D4E0D2 /* pixel-art-editor.app */ = {isa = PBXFileReference; explicitFileType = wrapper.application; includeInIndex = 0; path = "pixel-art-editor.app"; sourceTree = BUILT_PRODUCTS_DIR; };
		245565BF2597EC3300D4E0D2 /* AppDelegate.swift */ = {isa = PBXFileReference; lastKnownFileType = sourcecode.swift; path = AppDelegate.swift; sourceTree = "<group>"; };
		245565C12597EC3300D4E0D2 /* SceneDelegate.swift */ = {isa = PBXFileReference; lastKnownFileType = sourcecode.swift; path = SceneDelegate.swift; sourceTree = "<group>"; };
		245565C32597EC3300D4E0D2 /* ViewController.swift */ = {isa = PBXFileReference; lastKnownFileType = sourcecode.swift; path = ViewController.swift; sourceTree = "<group>"; };
		245565C62597EC3300D4E0D2 /* Base */ = {isa = PBXFileReference; lastKnownFileType = file.storyboard; name = Base; path = Base.lproj/Main.storyboard; sourceTree = "<group>"; };
		245565C82597EC3400D4E0D2 /* Assets.xcassets */ = {isa = PBXFileReference; lastKnownFileType = folder.assetcatalog; path = Assets.xcassets; sourceTree = "<group>"; };
		245565CB2597EC3400D4E0D2 /* Base */ = {isa = PBXFileReference; lastKnownFileType = file.storyboard; name = Base; path = Base.lproj/LaunchScreen.storyboard; sourceTree = "<group>"; };
		245565CD2597EC3400D4E0D2 /* Info.plist */ = {isa = PBXFileReference; lastKnownFileType = text.plist.xml; path = Info.plist; sourceTree = "<group>"; };
		245565D62597F13400D4E0D2 /* Canvas.sks */ = {isa = PBXFileReference; lastKnownFileType = file.sks; path = Canvas.sks; sourceTree = "<group>"; };
		245565D92597FA1200D4E0D2 /* Canvas.swift */ = {isa = PBXFileReference; lastKnownFileType = sourcecode.swift; path = Canvas.swift; sourceTree = "<group>"; };
/* End PBXFileReference section */

/* Begin PBXFrameworksBuildPhase section */
		245565B92597EC3300D4E0D2 /* Frameworks */ = {
			isa = PBXFrameworksBuildPhase;
			buildActionMask = 2147483647;
			files = (
			);
			runOnlyForDeploymentPostprocessing = 0;
		};
/* End PBXFrameworksBuildPhase section */

/* Begin PBXGroup section */
		245565B32597EC3300D4E0D2 = {
			isa = PBXGroup;
			children = (
				245565BE2597EC3300D4E0D2 /* pixel-art-editor */,
				245565BD2597EC3300D4E0D2 /* Products */,
			);
			sourceTree = "<group>";
		};
		245565BD2597EC3300D4E0D2 /* Products */ = {
			isa = PBXGroup;
			children = (
				245565BC2597EC3300D4E0D2 /* pixel-art-editor.app */,
			);
			name = Products;
			sourceTree = "<group>";
		};
		245565BE2597EC3300D4E0D2 /* pixel-art-editor */ = {
			isa = PBXGroup;
			children = (
				245565BF2597EC3300D4E0D2 /* AppDelegate.swift */,
				245565C12597EC3300D4E0D2 /* SceneDelegate.swift */,
				245565C32597EC3300D4E0D2 /* ViewController.swift */,
				245565C52597EC3300D4E0D2 /* Main.storyboard */,
				245565C82597EC3400D4E0D2 /* Assets.xcassets */,
				245565CA2597EC3400D4E0D2 /* LaunchScreen.storyboard */,
				245565CD2597EC3400D4E0D2 /* Info.plist */,
				245565D62597F13400D4E0D2 /* Canvas.sks */,
				245565D92597FA1200D4E0D2 /* Canvas.swift */,
				242BF6422599559C0086BEBB /* Utilities.swift */,
			);
			path = "pixel-art-editor";
			sourceTree = "<group>";
		};
/* End PBXGroup section */

/* Begin PBXNativeTarget section */
		245565BB2597EC3300D4E0D2 /* pixel-art-editor */ = {
			isa = PBXNativeTarget;
			buildConfigurationList = 245565D02597EC3400D4E0D2 /* Build configuration list for PBXNativeTarget "pixel-art-editor" */;
			buildPhases = (
				245565B82597EC3300D4E0D2 /* Sources */,
				245565B92597EC3300D4E0D2 /* Frameworks */,
				245565BA2597EC3300D4E0D2 /* Resources */,
			);
			buildRules = (
			);
			dependencies = (
			);
			name = "pixel-art-editor";
			productName = "pixel-art-editor";
			productReference = 245565BC2597EC3300D4E0D2 /* pixel-art-editor.app */;
			productType = "com.apple.product-type.application";
		};
/* End PBXNativeTarget section */

/* Begin PBXProject section */
		245565B42597EC3300D4E0D2 /* Project object */ = {
			isa = PBXProject;
			attributes = {
				LastSwiftUpdateCheck = 1230;
				LastUpgradeCheck = 1230;
				TargetAttributes = {
					245565BB2597EC3300D4E0D2 = {
						CreatedOnToolsVersion = 12.3;
					};
				};
			};
			buildConfigurationList = 245565B72597EC3300D4E0D2 /* Build configuration list for PBXProject "pixel-art-editor" */;
			compatibilityVersion = "Xcode 9.3";
			developmentRegion = en;
			hasScannedForEncodings = 0;
			knownRegions = (
				en,
				Base,
			);
			mainGroup = 245565B32597EC3300D4E0D2;
			productRefGroup = 245565BD2597EC3300D4E0D2 /* Products */;
			projectDirPath = "";
			projectRoot = "";
			targets = (
				245565BB2597EC3300D4E0D2 /* pixel-art-editor */,
			);
		};
/* End PBXProject section */

/* Begin PBXResourcesBuildPhase section */
		245565BA2597EC3300D4E0D2 /* Resources */ = {
			isa = PBXResourcesBuildPhase;
			buildActionMask = 2147483647;
			files = (
				245565CC2597EC3400D4E0D2 /* LaunchScreen.storyboard in Resources */,
				245565D72597F13400D4E0D2 /* Canvas.sks in Resources */,
				245565C92597EC3400D4E0D2 /* Assets.xcassets in Resources */,
				245565C72597EC3300D4E0D2 /* Main.storyboard in Resources */,
			);
			runOnlyForDeploymentPostprocessing = 0;
		};
/* End PBXResourcesBuildPhase section */

/* Begin PBXSourcesBuildPhase section */
		245565B82597EC3300D4E0D2 /* Sources */ = {
			isa = PBXSourcesBuildPhase;
			buildActionMask = 2147483647;
			files = (
				242BF6432599559C0086BEBB /* Utilities.swift in Sources */,
				245565C42597EC3300D4E0D2 /* ViewController.swift in Sources */,
				245565C02597EC3300D4E0D2 /* AppDelegate.swift in Sources */,
				245565C22597EC3300D4E0D2 /* SceneDelegate.swift in Sources */,
				245565DA2597FA1200D4E0D2 /* Canvas.swift in Sources */,
			);
			runOnlyForDeploymentPostprocessing = 0;
		};
/* End PBXSourcesBuildPhase section */

/* Begin PBXVariantGroup section */
		245565C52597EC3300D4E0D2 /* Main.storyboard */ = {
			isa = PBXVariantGroup;
			children = (
				245565C62597EC3300D4E0D2 /* Base */,
			);
			name = Main.storyboard;
			sourceTree = "<group>";
		};
		245565CA2597EC3400D4E0D2 /* LaunchScreen.storyboard */ = {
			isa = PBXVariantGroup;
			children = (
				245565CB2597EC3400D4E0D2 /* Base */,
			);
			name = LaunchScreen.storyboard;
			sourceTree = "<group>";
		};
/* End PBXVariantGroup section */

/* Begin XCBuildConfiguration section */
		245565CE2597EC3400D4E0D2 /* Debug */ = {
			isa = XCBuildConfiguration;
			buildSettings = {
				ALWAYS_SEARCH_USER_PATHS = NO;
				CLANG_ANALYZER_NONNULL = YES;
				CLANG_ANALYZER_NUMBER_OBJECT_CONVERSION = YES_AGGRESSIVE;
				CLANG_CXX_LANGUAGE_STANDARD = "gnu++14";
				CLANG_CXX_LIBRARY = "libc++";
				CLANG_ENABLE_MODULES = YES;
				CLANG_ENABLE_OBJC_ARC = YES;
				CLANG_ENABLE_OBJC_WEAK = YES;
				CLANG_WARN_BLOCK_CAPTURE_AUTORELEASING = YES;
				CLANG_WARN_BOOL_CONVERSION = YES;
				CLANG_WARN_COMMA = YES;
				CLANG_WARN_CONSTANT_CONVERSION = YES;
				CLANG_WARN_DEPRECATED_OBJC_IMPLEMENTATIONS = YES;
				CLANG_WARN_DIRECT_OBJC_ISA_USAGE = YES_ERROR;
				CLANG_WARN_DOCUMENTATION_COMMENTS = YES;
				CLANG_WARN_EMPTY_BODY = YES;
				CLANG_WARN_ENUM_CONVERSION = YES;
				CLANG_WARN_INFINITE_RECURSION = YES;
				CLANG_WARN_INT_CONVERSION = YES;
				CLANG_WARN_NON_LITERAL_NULL_CONVERSION = YES;
				CLANG_WARN_OBJC_IMPLICIT_RETAIN_SELF = YES;
				CLANG_WARN_OBJC_LITERAL_CONVERSION = YES;
				CLANG_WARN_OBJC_ROOT_CLASS = YES_ERROR;
				CLANG_WARN_QUOTED_INCLUDE_IN_FRAMEWORK_HEADER = YES;
				CLANG_WARN_RANGE_LOOP_ANALYSIS = YES;
				CLANG_WARN_STRICT_PROTOTYPES = YES;
				CLANG_WARN_SUSPICIOUS_MOVE = YES;
				CLANG_WARN_UNGUARDED_AVAILABILITY = YES_AGGRESSIVE;
				CLANG_WARN_UNREACHABLE_CODE = YES;
				CLANG_WARN__DUPLICATE_METHOD_MATCH = YES;
				COPY_PHASE_STRIP = NO;
				DEBUG_INFORMATION_FORMAT = dwarf;
				ENABLE_STRICT_OBJC_MSGSEND = YES;
				ENABLE_TESTABILITY = YES;
				GCC_C_LANGUAGE_STANDARD = gnu11;
				GCC_DYNAMIC_NO_PIC = NO;
				GCC_NO_COMMON_BLOCKS = YES;
				GCC_OPTIMIZATION_LEVEL = 0;
				GCC_PREPROCESSOR_DEFINITIONS = (
					"DEBUG=1",
					"$(inherited)",
				);
				GCC_WARN_64_TO_32_BIT_CONVERSION = YES;
				GCC_WARN_ABOUT_RETURN_TYPE = YES_ERROR;
				GCC_WARN_UNDECLARED_SELECTOR = YES;
				GCC_WARN_UNINITIALIZED_AUTOS = YES_AGGRESSIVE;
				GCC_WARN_UNUSED_FUNCTION = YES;
				GCC_WARN_UNUSED_VARIABLE = YES;
				IPHONEOS_DEPLOYMENT_TARGET = 14.3;
				MTL_ENABLE_DEBUG_INFO = INCLUDE_SOURCE;
				MTL_FAST_MATH = YES;
				ONLY_ACTIVE_ARCH = YES;
				SDKROOT = iphoneos;
				SWIFT_ACTIVE_COMPILATION_CONDITIONS = DEBUG;
				SWIFT_OPTIMIZATION_LEVEL = "-Onone";
			};
			name = Debug;
		};
		245565CF2597EC3400D4E0D2 /* Release */ = {
			isa = XCBuildConfiguration;
			buildSettings = {
				ALWAYS_SEARCH_USER_PATHS = NO;
				CLANG_ANALYZER_NONNULL = YES;
				CLANG_ANALYZER_NUMBER_OBJECT_CONVERSION = YES_AGGRESSIVE;
				CLANG_CXX_LANGUAGE_STANDARD = "gnu++14";
				CLANG_CXX_LIBRARY = "libc++";
				CLANG_ENABLE_MODULES = YES;
				CLANG_ENABLE_OBJC_ARC = YES;
				CLANG_ENABLE_OBJC_WEAK = YES;
				CLANG_WARN_BLOCK_CAPTURE_AUTORELEASING = YES;
				CLANG_WARN_BOOL_CONVERSION = YES;
				CLANG_WARN_COMMA = YES;
				CLANG_WARN_CONSTANT_CONVERSION = YES;
				CLANG_WARN_DEPRECATED_OBJC_IMPLEMENTATIONS = YES;
				CLANG_WARN_DIRECT_OBJC_ISA_USAGE = YES_ERROR;
				CLANG_WARN_DOCUMENTATION_COMMENTS = YES;
				CLANG_WARN_EMPTY_BODY = YES;
				CLANG_WARN_ENUM_CONVERSION = YES;
				CLANG_WARN_INFINITE_RECURSION = YES;
				CLANG_WARN_INT_CONVERSION = YES;
				CLANG_WARN_NON_LITERAL_NULL_CONVERSION = YES;
				CLANG_WARN_OBJC_IMPLICIT_RETAIN_SELF = YES;
				CLANG_WARN_OBJC_LITERAL_CONVERSION = YES;
				CLANG_WARN_OBJC_ROOT_CLASS = YES_ERROR;
				CLANG_WARN_QUOTED_INCLUDE_IN_FRAMEWORK_HEADER = YES;
				CLANG_WARN_RANGE_LOOP_ANALYSIS = YES;
				CLANG_WARN_STRICT_PROTOTYPES = YES;
				CLANG_WARN_SUSPICIOUS_MOVE = YES;
				CLANG_WARN_UNGUARDED_AVAILABILITY = YES_AGGRESSIVE;
				CLANG_WARN_UNREACHABLE_CODE = YES;
				CLANG_WARN__DUPLICATE_METHOD_MATCH = YES;
				COPY_PHASE_STRIP = NO;
				DEBUG_INFORMATION_FORMAT = "dwarf-with-dsym";
				ENABLE_NS_ASSERTIONS = NO;
				ENABLE_STRICT_OBJC_MSGSEND = YES;
				GCC_C_LANGUAGE_STANDARD = gnu11;
				GCC_NO_COMMON_BLOCKS = YES;
				GCC_WARN_64_TO_32_BIT_CONVERSION = YES;
				GCC_WARN_ABOUT_RETURN_TYPE = YES_ERROR;
				GCC_WARN_UNDECLARED_SELECTOR = YES;
				GCC_WARN_UNINITIALIZED_AUTOS = YES_AGGRESSIVE;
				GCC_WARN_UNUSED_FUNCTION = YES;
				GCC_WARN_UNUSED_VARIABLE = YES;
				IPHONEOS_DEPLOYMENT_TARGET = 14.3;
				MTL_ENABLE_DEBUG_INFO = NO;
				MTL_FAST_MATH = YES;
				SDKROOT = iphoneos;
				SWIFT_COMPILATION_MODE = wholemodule;
				SWIFT_OPTIMIZATION_LEVEL = "-O";
				VALIDATE_PRODUCT = YES;
			};
			name = Release;
		};
		245565D12597EC3400D4E0D2 /* Debug */ = {
			isa = XCBuildConfiguration;
			buildSettings = {
				ASSETCATALOG_COMPILER_APPICON_NAME = AppIcon;
				ASSETCATALOG_COMPILER_GLOBAL_ACCENT_COLOR_NAME = AccentColor;
				CODE_SIGN_STYLE = Automatic;
				DEVELOPMENT_TEAM = 46AAF24KZ3;
				INFOPLIST_FILE = "pixel-art-editor/Info.plist";
				IPHONEOS_DEPLOYMENT_TARGET = 13.0;
				LD_RUNPATH_SEARCH_PATHS = (
					"$(inherited)",
					"@executable_path/Frameworks",
				);
				PRODUCT_BUNDLE_IDENTIFIER = "com.makoren.pixel-art-editor";
				PRODUCT_NAME = "$(TARGET_NAME)";
				SWIFT_VERSION = 5.0;
				TARGETED_DEVICE_FAMILY = "1,2";
			};
			name = Debug;
		};
		245565D22597EC3400D4E0D2 /* Release */ = {
			isa = XCBuildConfiguration;
			buildSettings = {
				ASSETCATALOG_COMPILER_APPICON_NAME = AppIcon;
				ASSETCATALOG_COMPILER_GLOBAL_ACCENT_COLOR_NAME = AccentColor;
				CODE_SIGN_STYLE = Automatic;
				DEVELOPMENT_TEAM = 46AAF24KZ3;
				INFOPLIST_FILE = "pixel-art-editor/Info.plist";
				IPHONEOS_DEPLOYMENT_TARGET = 13.0;
				LD_RUNPATH_SEARCH_PATHS = (
					"$(inherited)",
					"@executable_path/Frameworks",
				);
				PRODUCT_BUNDLE_IDENTIFIER = "com.makoren.pixel-art-editor";
				PRODUCT_NAME = "$(TARGET_NAME)";
				SWIFT_VERSION = 5.0;
				TARGETED_DEVICE_FAMILY = "1,2";
			};
			name = Release;
		};
/* End XCBuildConfiguration section */

/* Begin XCConfigurationList section */
		245565B72597EC3300D4E0D2 /* Build configuration list for PBXProject "pixel-art-editor" */ = {
			isa = XCConfigurationList;
			buildConfigurations = (
				245565CE2597EC3400D4E0D2 /* Debug */,
				245565CF2597EC3400D4E0D2 /* Release */,
			);
			defaultConfigurationIsVisible = 0;
			defaultConfigurationName = Release;
		};
		245565D02597EC3400D4E0D2 /* Build configuration list for PBXNativeTarget "pixel-art-editor" */ = {
			isa = XCConfigurationList;
			buildConfigurations = (
				245565D12597EC3400D4E0D2 /* Debug */,
				245565D22597EC3400D4E0D2 /* Release */,
			);
			defaultConfigurationIsVisible = 0;
			defaultConfigurationName = Release;
		};
/* End XCConfigurationList section */
	};
	rootObject = 245565B42597EC3300D4E0D2 /* Project object */;
}
